{
  "name": "zerofactory",
  "version": "0.1.0",
  "lockfileVersion": 3,
  "requires": true,
  "packages": {
    "": {
      "name": "zerofactory",
      "version": "0.1.0",
      "devDependencies": {
        "hermes-profile-manager": "^0.1.0"
      }
    },
    "../hermes-profile-manager": {
      "version": "0.1.0",
      "dev": true,
      "license": "MIT",
      "dependencies": {
        "commander": "^12.1.0",
        "yaml": "^2.4.5"
      },
      "bin": {
        "hermes-profile-manager": "dist/cli.js",
        "hpm": "dist/cli.js"
      },
      "devDependencies": {
        "@types/node": "^20.14.0",
        "tsup": "^8.0.2",
        "tsx": "^4.11.0",
        "typescript": "^5.4.5"
      }
    },
    "node_modules/hermes-profile-manager": {
      "resolved": "../hermes-profile-manager",
      "link": true
    }
  }
}
